
Microsoft Visual Studio Solution File, Format Version 12.00
# Visual Studio Version 17
VisualStudioVersion = 17.4.33122.133
MinimumVisualStudioVersion = 10.0.40219.1
Project("{2150E333-8FDC-42A3-9474-1A3956D46DE8}") = "AlgorithmsVisualizer.Frontend", "AlgorithmsVisualizer.Frontend", "{5C96D88C-E58C-4891-8B31-7BB46758B5EC}"
EndProject
Project("{2150E333-8FDC-42A3-9474-1A3956D46DE8}") = "AlgorithmsVisualizer.ConfigurationApp", "AlgorithmsVisualizer.ConfigurationApp", "{79795B34-7CF2-4FAE-90D0-38E75DD4BCC1}"
EndProject
Project("{2150E333-8FDC-42A3-9474-1A3956D46DE8}") = "AlgorithmsVisualizer.BackendProcess", "AlgorithmsVisualizer.BackendProcess", "{3EBC831C-DBEE-4375-A837-D50FFE6FF983}"
EndProject
Project("{9A19103F-16F7-4668-BE54-9A1E7A4F7556}") = "BackendProcess", "BackendProcess\BackendProcess.csproj", "{A429D144-19BB-42EC-9269-658340E0B4F5}"
EndProject
Project("{9A19103F-16F7-4668-BE54-9A1E7A4F7556}") = "FrontendApp", "FrontendApp\FrontendApp.csproj", "{45204B65-180D-49DD-B833-FFB2C0C0E175}"
EndProject
Project("{2150E333-8FDC-42A3-9474-1A3956D46DE8}") = "AlgorithmsVisualizer.DBContext", "AlgorithmsVisualizer.DBContext", "{FDC1FCCC-564D-476C-849F-4526A374D177}"
EndProject
Project("{9A19103F-16F7-4668-BE54-9A1E7A4F7556}") = "VisualizerDatabase", "VisualizerDatabase\VisualizerDatabase.csproj", "{1B875FDF-EA82-4B63-96A0-4CB1969D8469}"
EndProject
Project("{2150E333-8FDC-42A3-9474-1A3956D46DE8}") = "AlgorithmsVisualizer.Objects", "AlgorithmsVisualizer.Objects", "{F84466D0-83E0-45A1-A625-9C5E70453733}"
EndProject
Project("{2150E333-8FDC-42A3-9474-1A3956D46DE8}") = "AlgorithmsVisualizer.Services", "AlgorithmsVisualizer.Services", "{1AECBB3C-655A-4B2F-9456-D7D553BCE872}"
EndProject
Project("{2150E333-8FDC-42A3-9474-1A3956D46DE8}") = "AlgorithmsVisualizer.DTOs", "AlgorithmsVisualizer.DTOs", "{E3192733-9F23-47CD-9594-52549C51462D}"
EndProject
Project("{2150E333-8FDC-42A3-9474-1A3956D46DE8}") = "AlgorithmsVisualizer.Repositories", "AlgorithmsVisualizer.Repositories", "{F87B8840-9C79-4D0D-87A2-1C13A666885D}"
EndProject
Project("{9A19103F-16F7-4668-BE54-9A1E7A4F7556}") = "DataModels", "DataModels\DataModels.csproj", "{264C0CF1-F5D3-4488-A98D-3A9EC9C9D823}"
EndProject
Project("{2150E333-8FDC-42A3-9474-1A3956D46DE8}") = "AlgorithmsVisualizer.Enums", "AlgorithmsVisualizer.Enums", "{8BAF1A89-CBDD-40FE-89A8-9D26A87E9A62}"
EndProject
Project("{9A19103F-16F7-4668-BE54-9A1E7A4F7556}") = "Enums", "Enums\Enums.csproj", "{43971381-A0C0-42A5-A17C-DD4365E60732}"
EndProject
Project("{9A19103F-16F7-4668-BE54-9A1E7A4F7556}") = "AlgorithmsVisualizer.Repository.Classes", "AlgorithmsVisualizer.Repository.Classes\AlgorithmsVisualizer.Repository.Classes.csproj", "{564A357A-35B9-4509-B0CB-8D28579D3406}"
EndProject
Project("{9A19103F-16F7-4668-BE54-9A1E7A4F7556}") = "AlgorithmsVisualizer.Repository.Interfaces", "AlgorithmsVisualizer.Repository.Interfaces\AlgorithmsVisualizer.Repository.Interfaces.csproj", "{4BBAF393-1108-4AC1-AE5F-ACF3792FAD61}"
EndProject
Project("{FAE04EC0-301F-11D3-BF4B-00C04F79EFBC}") = "DTOs", "DTOs\DTOs.csproj", "{5A7089ED-5BDD-4192-8B90-92DB0AB8E8FF}"
EndProject
Project("{FAE04EC0-301F-11D3-BF4B-00C04F79EFBC}") = "AlgorithmsVisualizer.Service.Classes", "AlgorithmsVisualizer.Service.Classes\AlgorithmsVisualizer.Service.Classes.csproj", "{D71DB164-F132-4775-9101-E446EA199246}"
EndProject
Project("{FAE04EC0-301F-11D3-BF4B-00C04F79EFBC}") = "AlgorithmsVisualizer.Service.Interfaces", "AlgorithmsVisualizer.Service.Interfaces\AlgorithmsVisualizer.Service.Interfaces.csproj", "{321F5387-E692-41D1-86D8-1AF7810118B3}"
EndProject
Global
	GlobalSection(SolutionConfigurationPlatforms) = preSolution
		Debug|Any CPU = Debug|Any CPU
		Release|Any CPU = Release|Any CPU
	EndGlobalSection
	GlobalSection(ProjectConfigurationPlatforms) = postSolution
		{A429D144-19BB-42EC-9269-658340E0B4F5}.Debug|Any CPU.ActiveCfg = Debug|Any CPU
		{A429D144-19BB-42EC-9269-658340E0B4F5}.Debug|Any CPU.Build.0 = Debug|Any CPU
		{A429D144-19BB-42EC-9269-658340E0B4F5}.Release|Any CPU.ActiveCfg = Release|Any CPU
		{A429D144-19BB-42EC-9269-658340E0B4F5}.Release|Any CPU.Build.0 = Release|Any CPU
		{45204B65-180D-49DD-B833-FFB2C0C0E175}.Debug|Any CPU.ActiveCfg = Debug|Any CPU
		{45204B65-180D-49DD-B833-FFB2C0C0E175}.Debug|Any CPU.Build.0 = Debug|Any CPU
		{45204B65-180D-49DD-B833-FFB2C0C0E175}.Release|Any CPU.ActiveCfg = Release|Any CPU
		{45204B65-180D-49DD-B833-FFB2C0C0E175}.Release|Any CPU.Build.0 = Release|Any CPU
		{1B875FDF-EA82-4B63-96A0-4CB1969D8469}.Debug|Any CPU.ActiveCfg = Debug|Any CPU
		{1B875FDF-EA82-4B63-96A0-4CB1969D8469}.Debug|Any CPU.Build.0 = Debug|Any CPU
		{1B875FDF-EA82-4B63-96A0-4CB1969D8469}.Release|Any CPU.ActiveCfg = Release|Any CPU
		{1B875FDF-EA82-4B63-96A0-4CB1969D8469}.Release|Any CPU.Build.0 = Release|Any CPU
		{264C0CF1-F5D3-4488-A98D-3A9EC9C9D823}.Debug|Any CPU.ActiveCfg = Debug|Any CPU
		{264C0CF1-F5D3-4488-A98D-3A9EC9C9D823}.Debug|Any CPU.Build.0 = Debug|Any CPU
		{264C0CF1-F5D3-4488-A98D-3A9EC9C9D823}.Release|Any CPU.ActiveCfg = Release|Any CPU
		{264C0CF1-F5D3-4488-A98D-3A9EC9C9D823}.Release|Any CPU.Build.0 = Release|Any CPU
		{43971381-A0C0-42A5-A17C-DD4365E60732}.Debug|Any CPU.ActiveCfg = Debug|Any CPU
		{43971381-A0C0-42A5-A17C-DD4365E60732}.Debug|Any CPU.Build.0 = Debug|Any CPU
		{43971381-A0C0-42A5-A17C-DD4365E60732}.Release|Any CPU.ActiveCfg = Release|Any CPU
		{43971381-A0C0-42A5-A17C-DD4365E60732}.Release|Any CPU.Build.0 = Release|Any CPU
		{564A357A-35B9-4509-B0CB-8D28579D3406}.Debug|Any CPU.ActiveCfg = Debug|Any CPU
		{564A357A-35B9-4509-B0CB-8D28579D3406}.Debug|Any CPU.Build.0 = Debug|Any CPU
		{564A357A-35B9-4509-B0CB-8D28579D3406}.Release|Any CPU.ActiveCfg = Release|Any CPU
		{564A357A-35B9-4509-B0CB-8D28579D3406}.Release|Any CPU.Build.0 = Release|Any CPU
		{4BBAF393-1108-4AC1-AE5F-ACF3792FAD61}.Debug|Any CPU.ActiveCfg = Debug|Any CPU
		{4BBAF393-1108-4AC1-AE5F-ACF3792FAD61}.Debug|Any CPU.Build.0 = Debug|Any CPU
		{4BBAF393-1108-4AC1-AE5F-ACF3792FAD61}.Release|Any CPU.ActiveCfg = Release|Any CPU
		{4BBAF393-1108-4AC1-AE5F-ACF3792FAD61}.Release|Any CPU.Build.0 = Release|Any CPU
		{5A7089ED-5BDD-4192-8B90-92DB0AB8E8FF}.Debug|Any CPU.ActiveCfg = Debug|Any CPU
		{5A7089ED-5BDD-4192-8B90-92DB0AB8E8FF}.Debug|Any CPU.Build.0 = Debug|Any CPU
		{5A7089ED-5BDD-4192-8B90-92DB0AB8E8FF}.Release|Any CPU.ActiveCfg = Release|Any CPU
		{5A7089ED-5BDD-4192-8B90-92DB0AB8E8FF}.Release|Any CPU.Build.0 = Release|Any CPU
		{D71DB164-F132-4775-9101-E446EA199246}.Debug|Any CPU.ActiveCfg = Debug|Any CPU
		{D71DB164-F132-4775-9101-E446EA199246}.Debug|Any CPU.Build.0 = Debug|Any CPU
		{D71DB164-F132-4775-9101-E446EA199246}.Release|Any CPU.ActiveCfg = Release|Any CPU
		{D71DB164-F132-4775-9101-E446EA199246}.Release|Any CPU.Build.0 = Release|Any CPU
		{321F5387-E692-41D1-86D8-1AF7810118B3}.Debug|Any CPU.ActiveCfg = Debug|Any CPU
		{321F5387-E692-41D1-86D8-1AF7810118B3}.Debug|Any CPU.Build.0 = Debug|Any CPU
		{321F5387-E692-41D1-86D8-1AF7810118B3}.Release|Any CPU.ActiveCfg = Release|Any CPU
		{321F5387-E692-41D1-86D8-1AF7810118B3}.Release|Any CPU.Build.0 = Release|Any CPU
	EndGlobalSection
	GlobalSection(SolutionProperties) = preSolution
		HideSolutionNode = FALSE
	EndGlobalSection
	GlobalSection(NestedProjects) = preSolution
		{3EBC831C-DBEE-4375-A837-D50FFE6FF983} = {79795B34-7CF2-4FAE-90D0-38E75DD4BCC1}
		{A429D144-19BB-42EC-9269-658340E0B4F5} = {3EBC831C-DBEE-4375-A837-D50FFE6FF983}
		{45204B65-180D-49DD-B833-FFB2C0C0E175} = {5C96D88C-E58C-4891-8B31-7BB46758B5EC}
		{1B875FDF-EA82-4B63-96A0-4CB1969D8469} = {FDC1FCCC-564D-476C-849F-4526A374D177}
		{264C0CF1-F5D3-4488-A98D-3A9EC9C9D823} = {F84466D0-83E0-45A1-A625-9C5E70453733}
		{43971381-A0C0-42A5-A17C-DD4365E60732} = {8BAF1A89-CBDD-40FE-89A8-9D26A87E9A62}
		{564A357A-35B9-4509-B0CB-8D28579D3406} = {F87B8840-9C79-4D0D-87A2-1C13A666885D}
		{4BBAF393-1108-4AC1-AE5F-ACF3792FAD61} = {F87B8840-9C79-4D0D-87A2-1C13A666885D}
		{5A7089ED-5BDD-4192-8B90-92DB0AB8E8FF} = {E3192733-9F23-47CD-9594-52549C51462D}
		{D71DB164-F132-4775-9101-E446EA199246} = {1AECBB3C-655A-4B2F-9456-D7D553BCE872}
		{321F5387-E692-41D1-86D8-1AF7810118B3} = {1AECBB3C-655A-4B2F-9456-D7D553BCE872}
	EndGlobalSection
	GlobalSection(ExtensibilityGlobals) = postSolution
		SolutionGuid = {D575D3EB-A801-4EBB-BA03-8869A57A85DF}
	EndGlobalSection
EndGlobal
