
Microsoft Visual Studio Solution File, Format Version 12.00
# Visual Studio Version 17
VisualStudioVersion = 17.4.33122.133
MinimumVisualStudioVersion = 10.0.40219.1
Project("{2150E333-8FDC-42A3-9474-1A3956D46DE8}") = "AlgorithmsVisualizer.Frontend", "AlgorithmsVisualizer.Frontend", "{5C96D88C-E58C-4891-8B31-7BB46758B5EC}"
EndProject
Project("{2150E333-8FDC-42A3-9474-1A3956D46DE8}") = "AlgorithmsVisualizer.ConfigurationApp", "AlgorithmsVisualizer.ConfigurationApp", "{79795B34-7CF2-4FAE-90D0-38E75DD4BCC1}"
EndProject
Project("{2150E333-8FDC-42A3-9474-1A3956D46DE8}") = "AlgorithmsVisualizer.BackendProcess", "AlgorithmsVisualizer.BackendProcess", "{3EBC831C-DBEE-4375-A837-D50FFE6FF983}"
EndProject
Project("{9A19103F-16F7-4668-BE54-9A1E7A4F7556}") = "BackendProcess", "BackendProcess\BackendProcess.csproj", "{A429D144-19BB-42EC-9269-658340E0B4F5}"
EndProject
Project("{9A19103F-16F7-4668-BE54-9A1E7A4F7556}") = "FrontendApp", "FrontendApp\FrontendApp.csproj", "{45204B65-180D-49DD-B833-FFB2C0C0E175}"
EndProject
Project("{2150E333-8FDC-42A3-9474-1A3956D46DE8}") = "AlgorithmsVisualizer.Objects", "AlgorithmsVisualizer.Objects", "{39A5C863-4948-4225-B757-EC721FA16F5F}"
EndProject
Project("{FAE04EC0-301F-11D3-BF4B-00C04F79EFBC}") = "Models", "Models\Models.csproj", "{2758A166-A1BC-49BE-974D-88CADAE83BC1}"
EndProject
Project("{2150E333-8FDC-42A3-9474-1A3956D46DE8}") = "AlgorithmsVisualizer.Service", "AlgorithmsVisualizer.Service", "{45A39EF1-4DB7-4A17-9F82-2177BED19680}"
EndProject
Project("{FAE04EC0-301F-11D3-BF4B-00C04F79EFBC}") = "Serivces", "Serivces\Serivces.csproj", "{A866F738-83E4-456A-9C59-3C9129DB9131}"
EndProject
Project("{FAE04EC0-301F-11D3-BF4B-00C04F79EFBC}") = "Interfaces", "Interfaces\Interfaces.csproj", "{392BA232-396E-415D-B99F-0D9A7913B5FA}"
EndProject
Project("{2150E333-8FDC-42A3-9474-1A3956D46DE8}") = "AlgorithmsVisualizer.DTOs", "AlgorithmsVisualizer.DTOs", "{816A2251-FA37-4B2A-8B38-2B84B62427CC}"
EndProject
Project("{FAE04EC0-301F-11D3-BF4B-00C04F79EFBC}") = "DTOs", "DTOs\DTOs.csproj", "{27D7DF7A-1F6B-49D2-92C4-6F10A79BBE97}"
EndProject
Global
	GlobalSection(SolutionConfigurationPlatforms) = preSolution
		Debug|Any CPU = Debug|Any CPU
		Release|Any CPU = Release|Any CPU
	EndGlobalSection
	GlobalSection(ProjectConfigurationPlatforms) = postSolution
		{A429D144-19BB-42EC-9269-658340E0B4F5}.Debug|Any CPU.ActiveCfg = Debug|Any CPU
		{A429D144-19BB-42EC-9269-658340E0B4F5}.Debug|Any CPU.Build.0 = Debug|Any CPU
		{A429D144-19BB-42EC-9269-658340E0B4F5}.Release|Any CPU.ActiveCfg = Release|Any CPU
		{A429D144-19BB-42EC-9269-658340E0B4F5}.Release|Any CPU.Build.0 = Release|Any CPU
		{45204B65-180D-49DD-B833-FFB2C0C0E175}.Debug|Any CPU.ActiveCfg = Debug|Any CPU
		{45204B65-180D-49DD-B833-FFB2C0C0E175}.Debug|Any CPU.Build.0 = Debug|Any CPU
		{45204B65-180D-49DD-B833-FFB2C0C0E175}.Release|Any CPU.ActiveCfg = Release|Any CPU
		{45204B65-180D-49DD-B833-FFB2C0C0E175}.Release|Any CPU.Build.0 = Release|Any CPU
		{2758A166-A1BC-49BE-974D-88CADAE83BC1}.Debug|Any CPU.ActiveCfg = Debug|Any CPU
		{2758A166-A1BC-49BE-974D-88CADAE83BC1}.Debug|Any CPU.Build.0 = Debug|Any CPU
		{2758A166-A1BC-49BE-974D-88CADAE83BC1}.Release|Any CPU.ActiveCfg = Release|Any CPU
		{2758A166-A1BC-49BE-974D-88CADAE83BC1}.Release|Any CPU.Build.0 = Release|Any CPU
		{A866F738-83E4-456A-9C59-3C9129DB9131}.Debug|Any CPU.ActiveCfg = Debug|Any CPU
		{A866F738-83E4-456A-9C59-3C9129DB9131}.Debug|Any CPU.Build.0 = Debug|Any CPU
		{A866F738-83E4-456A-9C59-3C9129DB9131}.Release|Any CPU.ActiveCfg = Release|Any CPU
		{A866F738-83E4-456A-9C59-3C9129DB9131}.Release|Any CPU.Build.0 = Release|Any CPU
		{392BA232-396E-415D-B99F-0D9A7913B5FA}.Debug|Any CPU.ActiveCfg = Debug|Any CPU
		{392BA232-396E-415D-B99F-0D9A7913B5FA}.Debug|Any CPU.Build.0 = Debug|Any CPU
		{392BA232-396E-415D-B99F-0D9A7913B5FA}.Release|Any CPU.ActiveCfg = Release|Any CPU
		{392BA232-396E-415D-B99F-0D9A7913B5FA}.Release|Any CPU.Build.0 = Release|Any CPU
		{27D7DF7A-1F6B-49D2-92C4-6F10A79BBE97}.Debug|Any CPU.ActiveCfg = Debug|Any CPU
		{27D7DF7A-1F6B-49D2-92C4-6F10A79BBE97}.Debug|Any CPU.Build.0 = Debug|Any CPU
		{27D7DF7A-1F6B-49D2-92C4-6F10A79BBE97}.Release|Any CPU.ActiveCfg = Release|Any CPU
		{27D7DF7A-1F6B-49D2-92C4-6F10A79BBE97}.Release|Any CPU.Build.0 = Release|Any CPU
	EndGlobalSection
	GlobalSection(SolutionProperties) = preSolution
		HideSolutionNode = FALSE
	EndGlobalSection
	GlobalSection(NestedProjects) = preSolution
		{3EBC831C-DBEE-4375-A837-D50FFE6FF983} = {79795B34-7CF2-4FAE-90D0-38E75DD4BCC1}
		{A429D144-19BB-42EC-9269-658340E0B4F5} = {3EBC831C-DBEE-4375-A837-D50FFE6FF983}
		{45204B65-180D-49DD-B833-FFB2C0C0E175} = {5C96D88C-E58C-4891-8B31-7BB46758B5EC}
		{2758A166-A1BC-49BE-974D-88CADAE83BC1} = {39A5C863-4948-4225-B757-EC721FA16F5F}
		{A866F738-83E4-456A-9C59-3C9129DB9131} = {45A39EF1-4DB7-4A17-9F82-2177BED19680}
		{392BA232-396E-415D-B99F-0D9A7913B5FA} = {45A39EF1-4DB7-4A17-9F82-2177BED19680}
		{27D7DF7A-1F6B-49D2-92C4-6F10A79BBE97} = {816A2251-FA37-4B2A-8B38-2B84B62427CC}
	EndGlobalSection
	GlobalSection(ExtensibilityGlobals) = postSolution
		SolutionGuid = {D575D3EB-A801-4EBB-BA03-8869A57A85DF}
	EndGlobalSection
EndGlobal
